
Microsoft Visual Studio Solution File, Format Version 12.00
Project("{FAE04EC0-301F-11D3-BF4B-00C04F79EFBC}") = "Soso.Net.Benchmarks", "Soso.Net.Benchmarks\Soso.Net.Benchmarks.csproj", "{3ADA3077-1300-46A7-8136-FE132B030B93}"
EndProject
Project("{FAE04EC0-301F-11D3-BF4B-00C04F79EFBC}") = "Soso.Net", "Soso.Net\Soso.Net.csproj", "{8FA6C202-2B80-4452-A802-94B9456B3AF6}"
EndProject
Project("{FAE04EC0-301F-11D3-BF4B-00C04F79EFBC}") = "Soso.Net.Tests", "Soso.Net.Tests\Soso.Net.Tests.csproj", "{A55A2BA0-5B9C-4872-917A-8FC16D36D68E}"
EndProject
Project("{FAE04EC0-301F-11D3-BF4B-00C04F79EFBC}") = "Soso.Utils", "..\..\..\Soso.Utils\libs\Soso.Utils\Soso.Utils\Soso.Utils.csproj", "{C9C1DDAA-DF8C-4B19-9CE9-AC33C7CA6890}"
EndProject
Project("{FAE04EC0-301F-11D3-BF4B-00C04F79EFBC}") = "Soso.Serialization", "..\..\..\Soso.Serialization\libs\Soso.Serialization\Soso.Serialization\Soso.Serialization.csproj", "{343CA5B7-AB3D-46E7-A96B-1AED22E27709}"
EndProject
Global
	GlobalSection(SolutionConfigurationPlatforms) = preSolution
		Debug|Any CPU = Debug|Any CPU
		Release|Any CPU = Release|Any CPU
	EndGlobalSection
	GlobalSection(ProjectConfigurationPlatforms) = postSolution
		{3ADA3077-1300-46A7-8136-FE132B030B93}.Debug|Any CPU.ActiveCfg = Debug|Any CPU
		{3ADA3077-1300-46A7-8136-FE132B030B93}.Debug|Any CPU.Build.0 = Debug|Any CPU
		{3ADA3077-1300-46A7-8136-FE132B030B93}.Release|Any CPU.ActiveCfg = Release|Any CPU
		{3ADA3077-1300-46A7-8136-FE132B030B93}.Release|Any CPU.Build.0 = Release|Any CPU
		{8FA6C202-2B80-4452-A802-94B9456B3AF6}.Debug|Any CPU.ActiveCfg = Debug|Any CPU
		{8FA6C202-2B80-4452-A802-94B9456B3AF6}.Debug|Any CPU.Build.0 = Debug|Any CPU
		{8FA6C202-2B80-4452-A802-94B9456B3AF6}.Release|Any CPU.ActiveCfg = Release|Any CPU
		{8FA6C202-2B80-4452-A802-94B9456B3AF6}.Release|Any CPU.Build.0 = Release|Any CPU
		{A55A2BA0-5B9C-4872-917A-8FC16D36D68E}.Debug|Any CPU.ActiveCfg = Debug|Any CPU
		{A55A2BA0-5B9C-4872-917A-8FC16D36D68E}.Debug|Any CPU.Build.0 = Debug|Any CPU
		{A55A2BA0-5B9C-4872-917A-8FC16D36D68E}.Release|Any CPU.ActiveCfg = Release|Any CPU
		{A55A2BA0-5B9C-4872-917A-8FC16D36D68E}.Release|Any CPU.Build.0 = Release|Any CPU
		{C9C1DDAA-DF8C-4B19-9CE9-AC33C7CA6890}.Debug|Any CPU.ActiveCfg = Debug|Any CPU
		{C9C1DDAA-DF8C-4B19-9CE9-AC33C7CA6890}.Debug|Any CPU.Build.0 = Debug|Any CPU
		{C9C1DDAA-DF8C-4B19-9CE9-AC33C7CA6890}.Release|Any CPU.ActiveCfg = Release|Any CPU
		{C9C1DDAA-DF8C-4B19-9CE9-AC33C7CA6890}.Release|Any CPU.Build.0 = Release|Any CPU
		{343CA5B7-AB3D-46E7-A96B-1AED22E27709}.Debug|Any CPU.ActiveCfg = Debug|Any CPU
		{343CA5B7-AB3D-46E7-A96B-1AED22E27709}.Debug|Any CPU.Build.0 = Debug|Any CPU
		{343CA5B7-AB3D-46E7-A96B-1AED22E27709}.Release|Any CPU.ActiveCfg = Release|Any CPU
		{343CA5B7-AB3D-46E7-A96B-1AED22E27709}.Release|Any CPU.Build.0 = Release|Any CPU
	EndGlobalSection
EndGlobal
